// !$*UTF8*$!
{
	archiveVersion = 1;
	classes = {
	};
	objectVersion = 46;
	objects = {

/* Begin PBXBuildFile section */
		162184081CFFE831003440D6 /* AppDelegate.swift in Sources */ = {isa = PBXBuildFile; fileRef = 162184071CFFE831003440D6 /* AppDelegate.swift */; };
		1621840A1CFFE831003440D6 /* ViewController.swift in Sources */ = {isa = PBXBuildFile; fileRef = 162184091CFFE831003440D6 /* ViewController.swift */; };
		1621840D1CFFE831003440D6 /* Main.storyboard in Resources */ = {isa = PBXBuildFile; fileRef = 1621840B1CFFE831003440D6 /* Main.storyboard */; };
		1621840F1CFFE831003440D6 /* Assets.xcassets in Resources */ = {isa = PBXBuildFile; fileRef = 1621840E1CFFE831003440D6 /* Assets.xcassets */; };
		162184121CFFE831003440D6 /* LaunchScreen.storyboard in Resources */ = {isa = PBXBuildFile; fileRef = 162184101CFFE831003440D6 /* LaunchScreen.storyboard */; };
		1621841D1CFFE831003440D6 /* ContainerViewControllerSampleTests.swift in Sources */ = {isa = PBXBuildFile; fileRef = 1621841C1CFFE831003440D6 /* ContainerViewControllerSampleTests.swift */; };
		162184281CFFE831003440D6 /* ContainerViewControllerSampleUITests.swift in Sources */ = {isa = PBXBuildFile; fileRef = 162184271CFFE831003440D6 /* ContainerViewControllerSampleUITests.swift */; };
		162184391CFFEF71003440D6 /* ContainerViewController.swift in Sources */ = {isa = PBXBuildFile; fileRef = 162184381CFFEF71003440D6 /* ContainerViewController.swift */; };
		1621843B1CFFEF7E003440D6 /* ChildViewController.swift in Sources */ = {isa = PBXBuildFile; fileRef = 1621843A1CFFEF7E003440D6 /* ChildViewController.swift */; };
		1621843D1CFFEF8B003440D6 /* View.swift in Sources */ = {isa = PBXBuildFile; fileRef = 1621843C1CFFEF8B003440D6 /* View.swift */; };
		1621843F1CFFEFA7003440D6 /* Subview.swift in Sources */ = {isa = PBXBuildFile; fileRef = 1621843E1CFFEFA7003440D6 /* Subview.swift */; };
/* End PBXBuildFile section */

/* Begin PBXContainerItemProxy section */
		162184191CFFE831003440D6 /* PBXContainerItemProxy */ = {
			isa = PBXContainerItemProxy;
			containerPortal = 162183FC1CFFE830003440D6 /* Project object */;
			proxyType = 1;
			remoteGlobalIDString = 162184031CFFE830003440D6;
			remoteInfo = ContainerViewControllerSample;
		};
		162184241CFFE831003440D6 /* PBXContainerItemProxy */ = {
			isa = PBXContainerItemProxy;
			containerPortal = 162183FC1CFFE830003440D6 /* Project object */;
			proxyType = 1;
			remoteGlobalIDString = 162184031CFFE830003440D6;
			remoteInfo = ContainerViewControllerSample;
		};
/* End PBXContainerItemProxy section */

/* Begin PBXFileReference section */
		162184041CFFE830003440D6 /* ContainerViewControllerSample.app */ = {isa = PBXFileReference; explicitFileType = wrapper.application; includeInIndex = 0; path = ContainerViewControllerSample.app; sourceTree = BUILT_PRODUCTS_DIR; };
		162184071CFFE831003440D6 /* AppDelegate.swift */ = {isa = PBXFileReference; lastKnownFileType = sourcecode.swift; path = AppDelegate.swift; sourceTree = "<group>"; };
		162184091CFFE831003440D6 /* ViewController.swift */ = {isa = PBXFileReference; lastKnownFileType = sourcecode.swift; path = ViewController.swift; sourceTree = "<group>"; };
		1621840C1CFFE831003440D6 /* Base */ = {isa = PBXFileReference; lastKnownFileType = file.storyboard; name = Base; path = Base.lproj/Main.storyboard; sourceTree = "<group>"; };
		1621840E1CFFE831003440D6 /* Assets.xcassets */ = {isa = PBXFileReference; lastKnownFileType = folder.assetcatalog; path = Assets.xcassets; sourceTree = "<group>"; };
		162184111CFFE831003440D6 /* Base */ = {isa = PBXFileReference; lastKnownFileType = file.storyboard; name = Base; path = Base.lproj/LaunchScreen.storyboard; sourceTree = "<group>"; };
		162184131CFFE831003440D6 /* Info.plist */ = {isa = PBXFileReference; lastKnownFileType = text.plist.xml; path = Info.plist; sourceTree = "<group>"; };
		162184181CFFE831003440D6 /* ContainerViewControllerSampleTests.xctest */ = {isa = PBXFileReference; explicitFileType = wrapper.cfbundle; includeInIndex = 0; path = ContainerViewControllerSampleTests.xctest; sourceTree = BUILT_PRODUCTS_DIR; };
		1621841C1CFFE831003440D6 /* ContainerViewControllerSampleTests.swift */ = {isa = PBXFileReference; lastKnownFileType = sourcecode.swift; path = ContainerViewControllerSampleTests.swift; sourceTree = "<group>"; };
		1621841E1CFFE831003440D6 /* Info.plist */ = {isa = PBXFileReference; lastKnownFileType = text.plist.xml; path = Info.plist; sourceTree = "<group>"; };
		162184231CFFE831003440D6 /* ContainerViewControllerSampleUITests.xctest */ = {isa = PBXFileReference; explicitFileType = wrapper.cfbundle; includeInIndex = 0; path = ContainerViewControllerSampleUITests.xctest; sourceTree = BUILT_PRODUCTS_DIR; };
		162184271CFFE831003440D6 /* ContainerViewControllerSampleUITests.swift */ = {isa = PBXFileReference; lastKnownFileType = sourcecode.swift; path = ContainerViewControllerSampleUITests.swift; sourceTree = "<group>"; };
		162184291CFFE831003440D6 /* Info.plist */ = {isa = PBXFileReference; lastKnownFileType = text.plist.xml; path = Info.plist; sourceTree = "<group>"; };
		162184381CFFEF71003440D6 /* ContainerViewController.swift */ = {isa = PBXFileReference; fileEncoding = 4; lastKnownFileType = sourcecode.swift; path = ContainerViewController.swift; sourceTree = "<group>"; };
		1621843A1CFFEF7E003440D6 /* ChildViewController.swift */ = {isa = PBXFileReference; fileEncoding = 4; lastKnownFileType = sourcecode.swift; path = ChildViewController.swift; sourceTree = "<group>"; };
		1621843C1CFFEF8B003440D6 /* View.swift */ = {isa = PBXFileReference; fileEncoding = 4; lastKnownFileType = sourcecode.swift; path = View.swift; sourceTree = "<group>"; };
		1621843E1CFFEFA7003440D6 /* Subview.swift */ = {isa = PBXFileReference; fileEncoding = 4; lastKnownFileType = sourcecode.swift; path = Subview.swift; sourceTree = "<group>"; };
/* End PBXFileReference section */

/* Begin PBXFrameworksBuildPhase section */
		162184011CFFE830003440D6 /* Frameworks */ = {
			isa = PBXFrameworksBuildPhase;
			buildActionMask = 2147483647;
			files = (
			);
			runOnlyForDeploymentPostprocessing = 0;
		};
		162184151CFFE831003440D6 /* Frameworks */ = {
			isa = PBXFrameworksBuildPhase;
			buildActionMask = 2147483647;
			files = (
			);
			runOnlyForDeploymentPostprocessing = 0;
		};
		162184201CFFE831003440D6 /* Frameworks */ = {
			isa = PBXFrameworksBuildPhase;
			buildActionMask = 2147483647;
			files = (
			);
			runOnlyForDeploymentPostprocessing = 0;
		};
/* End PBXFrameworksBuildPhase section */

/* Begin PBXGroup section */
		162183FB1CFFE830003440D6 = {
			isa = PBXGroup;
			children = (
				162184061CFFE830003440D6 /* ContainerViewControllerSample */,
				1621841B1CFFE831003440D6 /* ContainerViewControllerSampleTests */,
				162184261CFFE831003440D6 /* ContainerViewControllerSampleUITests */,
				162184051CFFE830003440D6 /* Products */,
			);
			sourceTree = "<group>";
		};
		162184051CFFE830003440D6 /* Products */ = {
			isa = PBXGroup;
			children = (
				162184041CFFE830003440D6 /* ContainerViewControllerSample.app */,
				162184181CFFE831003440D6 /* ContainerViewControllerSampleTests.xctest */,
				162184231CFFE831003440D6 /* ContainerViewControllerSampleUITests.xctest */,
			);
			name = Products;
			sourceTree = "<group>";
		};
		162184061CFFE830003440D6 /* ContainerViewControllerSample */ = {
			isa = PBXGroup;
			children = (
				162184351CFFEF50003440D6 /* Source */,
				162184071CFFE831003440D6 /* AppDelegate.swift */,
				162184091CFFE831003440D6 /* ViewController.swift */,
				1621840B1CFFE831003440D6 /* Main.storyboard */,
				1621840E1CFFE831003440D6 /* Assets.xcassets */,
				162184101CFFE831003440D6 /* LaunchScreen.storyboard */,
				162184131CFFE831003440D6 /* Info.plist */,
			);
			path = ContainerViewControllerSample;
			sourceTree = "<group>";
		};
		1621841B1CFFE831003440D6 /* ContainerViewControllerSampleTests */ = {
			isa = PBXGroup;
			children = (
				1621841C1CFFE831003440D6 /* ContainerViewControllerSampleTests.swift */,
				1621841E1CFFE831003440D6 /* Info.plist */,
			);
			path = ContainerViewControllerSampleTests;
			sourceTree = "<group>";
		};
		162184261CFFE831003440D6 /* ContainerViewControllerSampleUITests */ = {
			isa = PBXGroup;
			children = (
				162184271CFFE831003440D6 /* ContainerViewControllerSampleUITests.swift */,
				162184291CFFE831003440D6 /* Info.plist */,
			);
			path = ContainerViewControllerSampleUITests;
			sourceTree = "<group>";
		};
		162184351CFFEF50003440D6 /* Source */ = {
			isa = PBXGroup;
			children = (
				162184361CFFEF50003440D6 /* Controllers */,
				162184371CFFEF50003440D6 /* Views */,
			);
			path = Source;
			sourceTree = "<group>";
		};
		162184361CFFEF50003440D6 /* Controllers */ = {
			isa = PBXGroup;
			children = (
				162184381CFFEF71003440D6 /* ContainerViewController.swift */,
				1621843A1CFFEF7E003440D6 /* ChildViewController.swift */,
			);
			path = Controllers;
			sourceTree = "<group>";
		};
		162184371CFFEF50003440D6 /* Views */ = {
			isa = PBXGroup;
			children = (
				1621843C1CFFEF8B003440D6 /* View.swift */,
				1621843E1CFFEFA7003440D6 /* Subview.swift */,
			);
			path = Views;
			sourceTree = "<group>";
		};
/* End PBXGroup section */

/* Begin PBXNativeTarget section */
		162184031CFFE830003440D6 /* ContainerViewControllerSample */ = {
			isa = PBXNativeTarget;
			buildConfigurationList = 1621842C1CFFE831003440D6 /* Build configuration list for PBXNativeTarget "ContainerViewControllerSample" */;
			buildPhases = (
				162184001CFFE830003440D6 /* Sources */,
				162184011CFFE830003440D6 /* Frameworks */,
				162184021CFFE830003440D6 /* Resources */,
			);
			buildRules = (
			);
			dependencies = (
			);
			name = ContainerViewControllerSample;
			productName = ContainerViewControllerSample;
			productReference = 162184041CFFE830003440D6 /* ContainerViewControllerSample.app */;
			productType = "com.apple.product-type.application";
		};
		162184171CFFE831003440D6 /* ContainerViewControllerSampleTests */ = {
			isa = PBXNativeTarget;
			buildConfigurationList = 1621842F1CFFE831003440D6 /* Build configuration list for PBXNativeTarget "ContainerViewControllerSampleTests" */;
			buildPhases = (
				162184141CFFE831003440D6 /* Sources */,
				162184151CFFE831003440D6 /* Frameworks */,
				162184161CFFE831003440D6 /* Resources */,
			);
			buildRules = (
			);
			dependencies = (
				1621841A1CFFE831003440D6 /* PBXTargetDependency */,
			);
			name = ContainerViewControllerSampleTests;
			productName = ContainerViewControllerSampleTests;
			productReference = 162184181CFFE831003440D6 /* ContainerViewControllerSampleTests.xctest */;
			productType = "com.apple.product-type.bundle.unit-test";
		};
		162184221CFFE831003440D6 /* ContainerViewControllerSampleUITests */ = {
			isa = PBXNativeTarget;
			buildConfigurationList = 162184321CFFE831003440D6 /* Build configuration list for PBXNativeTarget "ContainerViewControllerSampleUITests" */;
			buildPhases = (
				1621841F1CFFE831003440D6 /* Sources */,
				162184201CFFE831003440D6 /* Frameworks */,
				162184211CFFE831003440D6 /* Resources */,
			);
			buildRules = (
			);
			dependencies = (
				162184251CFFE831003440D6 /* PBXTargetDependency */,
			);
			name = ContainerViewControllerSampleUITests;
			productName = ContainerViewControllerSampleUITests;
			productReference = 162184231CFFE831003440D6 /* ContainerViewControllerSampleUITests.xctest */;
			productType = "com.apple.product-type.bundle.ui-testing";
		};
/* End PBXNativeTarget section */

/* Begin PBXProject section */
		162183FC1CFFE830003440D6 /* Project object */ = {
			isa = PBXProject;
			attributes = {
				LastSwiftUpdateCheck = 0730;
				LastUpgradeCheck = 0730;
				ORGANIZATIONNAME = Crazism;
				TargetAttributes = {
					162184031CFFE830003440D6 = {
						CreatedOnToolsVersion = 7.3.1;
					};
					162184171CFFE831003440D6 = {
						CreatedOnToolsVersion = 7.3.1;
						TestTargetID = 162184031CFFE830003440D6;
					};
					162184221CFFE831003440D6 = {
						CreatedOnToolsVersion = 7.3.1;
						TestTargetID = 162184031CFFE830003440D6;
					};
				};
			};
			buildConfigurationList = 162183FF1CFFE830003440D6 /* Build configuration list for PBXProject "ContainerViewControllerSample" */;
			compatibilityVersion = "Xcode 3.2";
			developmentRegion = English;
			hasScannedForEncodings = 0;
			knownRegions = (
				en,
				Base,
			);
			mainGroup = 162183FB1CFFE830003440D6;
			productRefGroup = 162184051CFFE830003440D6 /* Products */;
			projectDirPath = "";
			projectRoot = "";
			targets = (
				162184031CFFE830003440D6 /* ContainerViewControllerSample */,
				162184171CFFE831003440D6 /* ContainerViewControllerSampleTests */,
				162184221CFFE831003440D6 /* ContainerViewControllerSampleUITests */,
			);
		};
/* End PBXProject section */

/* Begin PBXResourcesBuildPhase section */
		162184021CFFE830003440D6 /* Resources */ = {
			isa = PBXResourcesBuildPhase;
			buildActionMask = 2147483647;
			files = (
				162184121CFFE831003440D6 /* LaunchScreen.storyboard in Resources */,
				1621840F1CFFE831003440D6 /* Assets.xcassets in Resources */,
				1621840D1CFFE831003440D6 /* Main.storyboard in Resources */,
			);
			runOnlyForDeploymentPostprocessing = 0;
		};
		162184161CFFE831003440D6 /* Resources */ = {
			isa = PBXResourcesBuildPhase;
			buildActionMask = 2147483647;
			files = (
			);
			runOnlyForDeploymentPostprocessing = 0;
		};
		162184211CFFE831003440D6 /* Resources */ = {
			isa = PBXResourcesBuildPhase;
			buildActionMask = 2147483647;
			files = (
			);
			runOnlyForDeploymentPostprocessing = 0;
		};
/* End PBXResourcesBuildPhase section */

/* Begin PBXSourcesBuildPhase section */
		162184001CFFE830003440D6 /* Sources */ = {
			isa = PBXSourcesBuildPhase;
			buildActionMask = 2147483647;
			files = (
				1621840A1CFFE831003440D6 /* ViewController.swift in Sources */,
				162184391CFFEF71003440D6 /* ContainerViewController.swift in Sources */,
				1621843D1CFFEF8B003440D6 /* View.swift in Sources */,
				1621843F1CFFEFA7003440D6 /* Subview.swift in Sources */,
				162184081CFFE831003440D6 /* AppDelegate.swift in Sources */,
				1621843B1CFFEF7E003440D6 /* ChildViewController.swift in Sources */,
			);
			runOnlyForDeploymentPostprocessing = 0;
		};
		162184141CFFE831003440D6 /* Sources */ = {
			isa = PBXSourcesBuildPhase;
			buildActionMask = 2147483647;
			files = (
				1621841D1CFFE831003440D6 /* ContainerViewControllerSampleTests.swift in Sources */,
			);
			runOnlyForDeploymentPostprocessing = 0;
		};
		1621841F1CFFE831003440D6 /* Sources */ = {
			isa = PBXSourcesBuildPhase;
			buildActionMask = 2147483647;
			files = (
				162184281CFFE831003440D6 /* ContainerViewControllerSampleUITests.swift in Sources */,
			);
			runOnlyForDeploymentPostprocessing = 0;
		};
/* End PBXSourcesBuildPhase section */

/* Begin PBXTargetDependency section */
		1621841A1CFFE831003440D6 /* PBXTargetDependency */ = {
			isa = PBXTargetDependency;
			target = 162184031CFFE830003440D6 /* ContainerViewControllerSample */;
			targetProxy = 162184191CFFE831003440D6 /* PBXContainerItemProxy */;
		};
		162184251CFFE831003440D6 /* PBXTargetDependency */ = {
			isa = PBXTargetDependency;
			target = 162184031CFFE830003440D6 /* ContainerViewControllerSample */;
			targetProxy = 162184241CFFE831003440D6 /* PBXContainerItemProxy */;
		};
/* End PBXTargetDependency section */

/* Begin PBXVariantGroup section */
		1621840B1CFFE831003440D6 /* Main.storyboard */ = {
			isa = PBXVariantGroup;
			children = (
				1621840C1CFFE831003440D6 /* Base */,
			);
			name = Main.storyboard;
			sourceTree = "<group>";
		};
		162184101CFFE831003440D6 /* LaunchScreen.storyboard */ = {
			isa = PBXVariantGroup;
			children = (
				162184111CFFE831003440D6 /* Base */,
			);
			name = LaunchScreen.storyboard;
			sourceTree = "<group>";
		};
/* End PBXVariantGroup section */

/* Begin XCBuildConfiguration section */
		1621842A1CFFE831003440D6 /* Debug */ = {
			isa = XCBuildConfiguration;
			buildSettings = {
				ALWAYS_SEARCH_USER_PATHS = NO;
				CLANG_ANALYZER_NONNULL = YES;
				CLANG_CXX_LANGUAGE_STANDARD = "gnu++0x";
				CLANG_CXX_LIBRARY = "libc++";
				CLANG_ENABLE_MODULES = YES;
				CLANG_ENABLE_OBJC_ARC = YES;
				CLANG_WARN_BOOL_CONVERSION = YES;
				CLANG_WARN_CONSTANT_CONVERSION = YES;
				CLANG_WARN_DIRECT_OBJC_ISA_USAGE = YES_ERROR;
				CLANG_WARN_EMPTY_BODY = YES;
				CLANG_WARN_ENUM_CONVERSION = YES;
				CLANG_WARN_INT_CONVERSION = YES;
				CLANG_WARN_OBJC_ROOT_CLASS = YES_ERROR;
				CLANG_WARN_UNREACHABLE_CODE = YES;
				CLANG_WARN__DUPLICATE_METHOD_MATCH = YES;
				"CODE_SIGN_IDENTITY[sdk=iphoneos*]" = "iPhone Developer";
				COPY_PHASE_STRIP = NO;
				DEBUG_INFORMATION_FORMAT = dwarf;
				ENABLE_STRICT_OBJC_MSGSEND = YES;
				ENABLE_TESTABILITY = YES;
				GCC_C_LANGUAGE_STANDARD = gnu99;
				GCC_DYNAMIC_NO_PIC = NO;
				GCC_NO_COMMON_BLOCKS = YES;
				GCC_OPTIMIZATION_LEVEL = 0;
				GCC_PREPROCESSOR_DEFINITIONS = (
					"DEBUG=1",
					"$(inherited)",
				);
				GCC_WARN_64_TO_32_BIT_CONVERSION = YES;
				GCC_WARN_ABOUT_RETURN_TYPE = YES_ERROR;
				GCC_WARN_UNDECLARED_SELECTOR = YES;
				GCC_WARN_UNINITIALIZED_AUTOS = YES_AGGRESSIVE;
				GCC_WARN_UNUSED_FUNCTION = YES;
				GCC_WARN_UNUSED_VARIABLE = YES;
				IPHONEOS_DEPLOYMENT_TARGET = 9.3;
				MTL_ENABLE_DEBUG_INFO = YES;
				ONLY_ACTIVE_ARCH = YES;
				SDKROOT = iphoneos;
				SWIFT_OPTIMIZATION_LEVEL = "-Onone";
				TARGETED_DEVICE_FAMILY = "1,2";
			};
			name = Debug;
		};
		1621842B1CFFE831003440D6 /* Release */ = {
			isa = XCBuildConfiguration;
			buildSettings = {
				ALWAYS_SEARCH_USER_PATHS = NO;
				CLANG_ANALYZER_NONNULL = YES;
				CLANG_CXX_LANGUAGE_STANDARD = "gnu++0x";
				CLANG_CXX_LIBRARY = "libc++";
				CLANG_ENABLE_MODULES = YES;
				CLANG_ENABLE_OBJC_ARC = YES;
				CLANG_WARN_BOOL_CONVERSION = YES;
				CLANG_WARN_CONSTANT_CONVERSION = YES;
				CLANG_WARN_DIRECT_OBJC_ISA_USAGE = YES_ERROR;
				CLANG_WARN_EMPTY_BODY = YES;
				CLANG_WARN_ENUM_CONVERSION = YES;
				CLANG_WARN_INT_CONVERSION = YES;
				CLANG_WARN_OBJC_ROOT_CLASS = YES_ERROR;
				CLANG_WARN_UNREACHABLE_CODE = YES;
				CLANG_WARN__DUPLICATE_METHOD_MATCH = YES;
				"CODE_SIGN_IDENTITY[sdk=iphoneos*]" = "iPhone Developer";
				COPY_PHASE_STRIP = NO;
				DEBUG_INFORMATION_FORMAT = "dwarf-with-dsym";
				ENABLE_NS_ASSERTIONS = NO;
				ENABLE_STRICT_OBJC_MSGSEND = YES;
				GCC_C_LANGUAGE_STANDARD = gnu99;
				GCC_NO_COMMON_BLOCKS = YES;
				GCC_WARN_64_TO_32_BIT_CONVERSION = YES;
				GCC_WARN_ABOUT_RETURN_TYPE = YES_ERROR;
				GCC_WARN_UNDECLARED_SELECTOR = YES;
				GCC_WARN_UNINITIALIZED_AUTOS = YES_AGGRESSIVE;
				GCC_WARN_UNUSED_FUNCTION = YES;
				GCC_WARN_UNUSED_VARIABLE = YES;
				IPHONEOS_DEPLOYMENT_TARGET = 9.3;
				MTL_ENABLE_DEBUG_INFO = NO;
				SDKROOT = iphoneos;
				TARGETED_DEVICE_FAMILY = "1,2";
				VALIDATE_PRODUCT = YES;
			};
			name = Release;
		};
		1621842D1CFFE831003440D6 /* Debug */ = {
			isa = XCBuildConfiguration;
			buildSettings = {
				ASSETCATALOG_COMPILER_APPICON_NAME = AppIcon;
				INFOPLIST_FILE = ContainerViewControllerSample/Info.plist;
				LD_RUNPATH_SEARCH_PATHS = "$(inherited) @executable_path/Frameworks";
				PRODUCT_BUNDLE_IDENTIFIER = net.crazism.ContainerViewControllerSample;
				PRODUCT_NAME = "$(TARGET_NAME)";
			};
			name = Debug;
		};
		1621842E1CFFE831003440D6 /* Release */ = {
			isa = XCBuildConfiguration;
			buildSettings = {
				ASSETCATALOG_COMPILER_APPICON_NAME = AppIcon;
				INFOPLIST_FILE = ContainerViewControllerSample/Info.plist;
				LD_RUNPATH_SEARCH_PATHS = "$(inherited) @executable_path/Frameworks";
				PRODUCT_BUNDLE_IDENTIFIER = net.crazism.ContainerViewControllerSample;
				PRODUCT_NAME = "$(TARGET_NAME)";
			};
			name = Release;
		};
		162184301CFFE831003440D6 /* Debug */ = {
			isa = XCBuildConfiguration;
			buildSettings = {
				BUNDLE_LOADER = "$(TEST_HOST)";
				INFOPLIST_FILE = ContainerViewControllerSampleTests/Info.plist;
				LD_RUNPATH_SEARCH_PATHS = "$(inherited) @executable_path/Frameworks @loader_path/Frameworks";
				PRODUCT_BUNDLE_IDENTIFIER = net.crazism.ContainerViewControllerSampleTests;
				PRODUCT_NAME = "$(TARGET_NAME)";
				TEST_HOST = "$(BUILT_PRODUCTS_DIR)/ContainerViewControllerSample.app/ContainerViewControllerSample";
			};
			name = Debug;
		};
		162184311CFFE831003440D6 /* Release */ = {
			isa = XCBuildConfiguration;
			buildSettings = {
				BUNDLE_LOADER = "$(TEST_HOST)";
				INFOPLIST_FILE = ContainerViewControllerSampleTests/Info.plist;
				LD_RUNPATH_SEARCH_PATHS = "$(inherited) @executable_path/Frameworks @loader_path/Frameworks";
				PRODUCT_BUNDLE_IDENTIFIER = net.crazism.ContainerViewControllerSampleTests;
				PRODUCT_NAME = "$(TARGET_NAME)";
				TEST_HOST = "$(BUILT_PRODUCTS_DIR)/ContainerViewControllerSample.app/ContainerViewControllerSample";
			};
			name = Release;
		};
		162184331CFFE831003440D6 /* Debug */ = {
			isa = XCBuildConfiguration;
			buildSettings = {
				INFOPLIST_FILE = ContainerViewControllerSampleUITests/Info.plist;
				LD_RUNPATH_SEARCH_PATHS = "$(inherited) @executable_path/Frameworks @loader_path/Frameworks";
				PRODUCT_BUNDLE_IDENTIFIER = net.crazism.ContainerViewControllerSampleUITests;
				PRODUCT_NAME = "$(TARGET_NAME)";
				TEST_TARGET_NAME = ContainerViewControllerSample;
			};
			name = Debug;
		};
		162184341CFFE831003440D6 /* Release */ = {
			isa = XCBuildConfiguration;
			buildSettings = {
				INFOPLIST_FILE = ContainerViewControllerSampleUITests/Info.plist;
				LD_RUNPATH_SEARCH_PATHS = "$(inherited) @executable_path/Frameworks @loader_path/Frameworks";
				PRODUCT_BUNDLE_IDENTIFIER = net.crazism.ContainerViewControllerSampleUITests;
				PRODUCT_NAME = "$(TARGET_NAME)";
				TEST_TARGET_NAME = ContainerViewControllerSample;
			};
			name = Release;
		};
/* End XCBuildConfiguration section */

/* Begin XCConfigurationList section */
		162183FF1CFFE830003440D6 /* Build configuration list for PBXProject "ContainerViewControllerSample" */ = {
			isa = XCConfigurationList;
			buildConfigurations = (
				1621842A1CFFE831003440D6 /* Debug */,
				1621842B1CFFE831003440D6 /* Release */,
			);
			defaultConfigurationIsVisible = 0;
			defaultConfigurationName = Release;
		};
		1621842C1CFFE831003440D6 /* Build configuration list for PBXNativeTarget "ContainerViewControllerSample" */ = {
			isa = XCConfigurationList;
			buildConfigurations = (
				1621842D1CFFE831003440D6 /* Debug */,
				1621842E1CFFE831003440D6 /* Release */,
			);
			defaultConfigurationIsVisible = 0;
		};
		1621842F1CFFE831003440D6 /* Build configuration list for PBXNativeTarget "ContainerViewControllerSampleTests" */ = {
			isa = XCConfigurationList;
			buildConfigurations = (
				162184301CFFE831003440D6 /* Debug */,
				162184311CFFE831003440D6 /* Release */,
			);
			defaultConfigurationIsVisible = 0;
		};
		162184321CFFE831003440D6 /* Build configuration list for PBXNativeTarget "ContainerViewControllerSampleUITests" */ = {
			isa = XCConfigurationList;
			buildConfigurations = (
				162184331CFFE831003440D6 /* Debug */,
				162184341CFFE831003440D6 /* Release */,
			);
			defaultConfigurationIsVisible = 0;
		};
/* End XCConfigurationList section */
	};
	rootObject = 162183FC1CFFE830003440D6 /* Project object */;
}
